
Microsoft Visual Studio Solution File, Format Version 12.00
# Visual Studio Version 17
VisualStudioVersion = 17.1.32210.238
MinimumVisualStudioVersion = 10.0.40219.1
Project("{9A19103F-16F7-4668-BE54-9A1E7A4F7556}") = "TelegramBot.WPF", "TelegramBot.WPF\TelegramBot.WPF.csproj", "{E5C033BA-AC49-4A7B-A09A-9544EE908B1D}"
EndProject
Project("{9A19103F-16F7-4668-BE54-9A1E7A4F7556}") = "TelegramBot.BL", "TelegramBot.BLL\TelegramBot.BL.csproj", "{91E37287-8482-43DE-ABEF-41031BC7483B}"
EndProject
Project("{9A19103F-16F7-4668-BE54-9A1E7A4F7556}") = "TelegramBot.BL.Tests", "TelegramBot.BL.Tests\TelegramBot.BL.Tests.csproj", "{F46A2B92-1EDA-44ED-9711-E7F3F32E1A93}"
EndProject
Global
	GlobalSection(SolutionConfigurationPlatforms) = preSolution
		Debug|Any CPU = Debug|Any CPU
		Release|Any CPU = Release|Any CPU
	EndGlobalSection
	GlobalSection(ProjectConfigurationPlatforms) = postSolution
		{E5C033BA-AC49-4A7B-A09A-9544EE908B1D}.Debug|Any CPU.ActiveCfg = Debug|Any CPU
		{E5C033BA-AC49-4A7B-A09A-9544EE908B1D}.Debug|Any CPU.Build.0 = Debug|Any CPU
		{E5C033BA-AC49-4A7B-A09A-9544EE908B1D}.Release|Any CPU.ActiveCfg = Release|Any CPU
		{E5C033BA-AC49-4A7B-A09A-9544EE908B1D}.Release|Any CPU.Build.0 = Release|Any CPU
		{91E37287-8482-43DE-ABEF-41031BC7483B}.Debug|Any CPU.ActiveCfg = Debug|Any CPU
		{91E37287-8482-43DE-ABEF-41031BC7483B}.Debug|Any CPU.Build.0 = Debug|Any CPU
		{91E37287-8482-43DE-ABEF-41031BC7483B}.Release|Any CPU.ActiveCfg = Release|Any CPU
		{91E37287-8482-43DE-ABEF-41031BC7483B}.Release|Any CPU.Build.0 = Release|Any CPU
		{F46A2B92-1EDA-44ED-9711-E7F3F32E1A93}.Debug|Any CPU.ActiveCfg = Debug|Any CPU
		{F46A2B92-1EDA-44ED-9711-E7F3F32E1A93}.Debug|Any CPU.Build.0 = Debug|Any CPU
		{F46A2B92-1EDA-44ED-9711-E7F3F32E1A93}.Release|Any CPU.ActiveCfg = Release|Any CPU
		{F46A2B92-1EDA-44ED-9711-E7F3F32E1A93}.Release|Any CPU.Build.0 = Release|Any CPU
	EndGlobalSection
	GlobalSection(SolutionProperties) = preSolution
		HideSolutionNode = FALSE
	EndGlobalSection
	GlobalSection(ExtensibilityGlobals) = postSolution
		SolutionGuid = {AA3BB356-B67B-4B3D-BE54-34FBF0A96B29}
	EndGlobalSection
EndGlobal
